
Microsoft Visual Studio Solution File, Format Version 12.00
# Visual Studio Version 16
VisualStudioVersion = 16.0.29009.5
MinimumVisualStudioVersion = 10.0.40219.1
Project("{9A19103F-16F7-4668-BE54-9A1E7A4F7556}") = "ReactiveWebsocket.Portable", "ReactiveWebsocket.Portable\ReactiveWebsocket.Portable.csproj", "{A1D19C12-50F3-495E-A372-768B510DC26D}"
EndProject
Project("{FAE04EC0-301F-11D3-BF4B-00C04F79EFBC}") = "ReactiveWebsocket.Desktop", "ReactiveWebsocket.Desktop\ReactiveWebsocket.Desktop.csproj", "{D578E7EA-BF24-4D1A-B0AC-1E3CC6FA4B57}"
EndProject
Project("{FAE04EC0-301F-11D3-BF4B-00C04F79EFBC}") = "ReactiveWebsocket.Android", "ReactiveWebsocket.Droid\ReactiveWebsocket.Android.csproj", "{D2854EC0-6C0E-42A4-A341-6DAA377C0EA3}"
EndProject
Project("{2150E333-8FDC-42A3-9474-1A3956D46DE8}") = "Testing", "Testing", "{06ADE603-499A-4E46-B861-CC9FE9AEC982}"
EndProject
Project("{2150E333-8FDC-42A3-9474-1A3956D46DE8}") = "API", "API", "{C5E8DF58-ED67-47B4-8131-54A3CAC64EE0}"
EndProject
Project("{FAE04EC0-301F-11D3-BF4B-00C04F79EFBC}") = "ReactiveWebsocket.Ios", "ReactiveWebsocket.Ios\ReactiveWebsocket.Ios.csproj", "{DA78D1F6-DE6F-4AF1-ACB6-514749446612}"
EndProject
Project("{FAE04EC0-301F-11D3-BF4B-00C04F79EFBC}") = "ReactiveWebsocket.Desktop.DevTest", "Tests\ReactiveWebsocket.DevTest\ReactiveWebsocket.Desktop.DevTest.csproj", "{173734E3-49D8-4E04-BBE9-A922176BDFD9}"
EndProject
Global
	GlobalSection(SolutionConfigurationPlatforms) = preSolution
		Ad-Hoc|Any CPU = Ad-Hoc|Any CPU
		Ad-Hoc|iPhone = Ad-Hoc|iPhone
		Ad-Hoc|iPhoneSimulator = Ad-Hoc|iPhoneSimulator
		AppStore|Any CPU = AppStore|Any CPU
		AppStore|iPhone = AppStore|iPhone
		AppStore|iPhoneSimulator = AppStore|iPhoneSimulator
		Debug|Any CPU = Debug|Any CPU
		Debug|iPhone = Debug|iPhone
		Debug|iPhoneSimulator = Debug|iPhoneSimulator
		Release|Any CPU = Release|Any CPU
		Release|iPhone = Release|iPhone
		Release|iPhoneSimulator = Release|iPhoneSimulator
	EndGlobalSection
	GlobalSection(ProjectConfigurationPlatforms) = postSolution
		{A1D19C12-50F3-495E-A372-768B510DC26D}.Ad-Hoc|Any CPU.ActiveCfg = Release|Any CPU
		{A1D19C12-50F3-495E-A372-768B510DC26D}.Ad-Hoc|Any CPU.Build.0 = Release|Any CPU
		{A1D19C12-50F3-495E-A372-768B510DC26D}.Ad-Hoc|iPhone.ActiveCfg = Release|Any CPU
		{A1D19C12-50F3-495E-A372-768B510DC26D}.Ad-Hoc|iPhone.Build.0 = Release|Any CPU
		{A1D19C12-50F3-495E-A372-768B510DC26D}.Ad-Hoc|iPhoneSimulator.ActiveCfg = Release|Any CPU
		{A1D19C12-50F3-495E-A372-768B510DC26D}.Ad-Hoc|iPhoneSimulator.Build.0 = Release|Any CPU
		{A1D19C12-50F3-495E-A372-768B510DC26D}.AppStore|Any CPU.ActiveCfg = Release|Any CPU
		{A1D19C12-50F3-495E-A372-768B510DC26D}.AppStore|Any CPU.Build.0 = Release|Any CPU
		{A1D19C12-50F3-495E-A372-768B510DC26D}.AppStore|iPhone.ActiveCfg = Release|Any CPU
		{A1D19C12-50F3-495E-A372-768B510DC26D}.AppStore|iPhone.Build.0 = Release|Any CPU
		{A1D19C12-50F3-495E-A372-768B510DC26D}.AppStore|iPhoneSimulator.ActiveCfg = Release|Any CPU
		{A1D19C12-50F3-495E-A372-768B510DC26D}.AppStore|iPhoneSimulator.Build.0 = Release|Any CPU
		{A1D19C12-50F3-495E-A372-768B510DC26D}.Debug|Any CPU.ActiveCfg = Debug|Any CPU
		{A1D19C12-50F3-495E-A372-768B510DC26D}.Debug|Any CPU.Build.0 = Debug|Any CPU
		{A1D19C12-50F3-495E-A372-768B510DC26D}.Debug|iPhone.ActiveCfg = Debug|Any CPU
		{A1D19C12-50F3-495E-A372-768B510DC26D}.Debug|iPhone.Build.0 = Debug|Any CPU
		{A1D19C12-50F3-495E-A372-768B510DC26D}.Debug|iPhoneSimulator.ActiveCfg = Debug|Any CPU
		{A1D19C12-50F3-495E-A372-768B510DC26D}.Debug|iPhoneSimulator.Build.0 = Debug|Any CPU
		{A1D19C12-50F3-495E-A372-768B510DC26D}.Release|Any CPU.ActiveCfg = Release|Any CPU
		{A1D19C12-50F3-495E-A372-768B510DC26D}.Release|Any CPU.Build.0 = Release|Any CPU
		{A1D19C12-50F3-495E-A372-768B510DC26D}.Release|iPhone.ActiveCfg = Release|Any CPU
		{A1D19C12-50F3-495E-A372-768B510DC26D}.Release|iPhone.Build.0 = Release|Any CPU
		{A1D19C12-50F3-495E-A372-768B510DC26D}.Release|iPhoneSimulator.ActiveCfg = Release|Any CPU
		{A1D19C12-50F3-495E-A372-768B510DC26D}.Release|iPhoneSimulator.Build.0 = Release|Any CPU
		{D578E7EA-BF24-4D1A-B0AC-1E3CC6FA4B57}.Ad-Hoc|Any CPU.ActiveCfg = Release|Any CPU
		{D578E7EA-BF24-4D1A-B0AC-1E3CC6FA4B57}.Ad-Hoc|Any CPU.Build.0 = Release|Any CPU
		{D578E7EA-BF24-4D1A-B0AC-1E3CC6FA4B57}.Ad-Hoc|iPhone.ActiveCfg = Release|Any CPU
		{D578E7EA-BF24-4D1A-B0AC-1E3CC6FA4B57}.Ad-Hoc|iPhone.Build.0 = Release|Any CPU
		{D578E7EA-BF24-4D1A-B0AC-1E3CC6FA4B57}.Ad-Hoc|iPhoneSimulator.ActiveCfg = Release|Any CPU
		{D578E7EA-BF24-4D1A-B0AC-1E3CC6FA4B57}.Ad-Hoc|iPhoneSimulator.Build.0 = Release|Any CPU
		{D578E7EA-BF24-4D1A-B0AC-1E3CC6FA4B57}.AppStore|Any CPU.ActiveCfg = Release|Any CPU
		{D578E7EA-BF24-4D1A-B0AC-1E3CC6FA4B57}.AppStore|Any CPU.Build.0 = Release|Any CPU
		{D578E7EA-BF24-4D1A-B0AC-1E3CC6FA4B57}.AppStore|iPhone.ActiveCfg = Release|Any CPU
		{D578E7EA-BF24-4D1A-B0AC-1E3CC6FA4B57}.AppStore|iPhone.Build.0 = Release|Any CPU
		{D578E7EA-BF24-4D1A-B0AC-1E3CC6FA4B57}.AppStore|iPhoneSimulator.ActiveCfg = Release|Any CPU
		{D578E7EA-BF24-4D1A-B0AC-1E3CC6FA4B57}.AppStore|iPhoneSimulator.Build.0 = Release|Any CPU
		{D578E7EA-BF24-4D1A-B0AC-1E3CC6FA4B57}.Debug|Any CPU.ActiveCfg = Debug|Any CPU
		{D578E7EA-BF24-4D1A-B0AC-1E3CC6FA4B57}.Debug|Any CPU.Build.0 = Debug|Any CPU
		{D578E7EA-BF24-4D1A-B0AC-1E3CC6FA4B57}.Debug|iPhone.ActiveCfg = Debug|Any CPU
		{D578E7EA-BF24-4D1A-B0AC-1E3CC6FA4B57}.Debug|iPhone.Build.0 = Debug|Any CPU
		{D578E7EA-BF24-4D1A-B0AC-1E3CC6FA4B57}.Debug|iPhoneSimulator.ActiveCfg = Debug|Any CPU
		{D578E7EA-BF24-4D1A-B0AC-1E3CC6FA4B57}.Debug|iPhoneSimulator.Build.0 = Debug|Any CPU
		{D578E7EA-BF24-4D1A-B0AC-1E3CC6FA4B57}.Release|Any CPU.ActiveCfg = Release|Any CPU
		{D578E7EA-BF24-4D1A-B0AC-1E3CC6FA4B57}.Release|Any CPU.Build.0 = Release|Any CPU
		{D578E7EA-BF24-4D1A-B0AC-1E3CC6FA4B57}.Release|iPhone.ActiveCfg = Release|Any CPU
		{D578E7EA-BF24-4D1A-B0AC-1E3CC6FA4B57}.Release|iPhone.Build.0 = Release|Any CPU
		{D578E7EA-BF24-4D1A-B0AC-1E3CC6FA4B57}.Release|iPhoneSimulator.ActiveCfg = Release|Any CPU
		{D578E7EA-BF24-4D1A-B0AC-1E3CC6FA4B57}.Release|iPhoneSimulator.Build.0 = Release|Any CPU
		{D2854EC0-6C0E-42A4-A341-6DAA377C0EA3}.Ad-Hoc|Any CPU.ActiveCfg = Release|Any CPU
		{D2854EC0-6C0E-42A4-A341-6DAA377C0EA3}.Ad-Hoc|Any CPU.Build.0 = Release|Any CPU
		{D2854EC0-6C0E-42A4-A341-6DAA377C0EA3}.Ad-Hoc|iPhone.ActiveCfg = Release|Any CPU
		{D2854EC0-6C0E-42A4-A341-6DAA377C0EA3}.Ad-Hoc|iPhone.Build.0 = Release|Any CPU
		{D2854EC0-6C0E-42A4-A341-6DAA377C0EA3}.Ad-Hoc|iPhoneSimulator.ActiveCfg = Release|Any CPU
		{D2854EC0-6C0E-42A4-A341-6DAA377C0EA3}.Ad-Hoc|iPhoneSimulator.Build.0 = Release|Any CPU
		{D2854EC0-6C0E-42A4-A341-6DAA377C0EA3}.AppStore|Any CPU.ActiveCfg = Release|Any CPU
		{D2854EC0-6C0E-42A4-A341-6DAA377C0EA3}.AppStore|Any CPU.Build.0 = Release|Any CPU
		{D2854EC0-6C0E-42A4-A341-6DAA377C0EA3}.AppStore|iPhone.ActiveCfg = Release|Any CPU
		{D2854EC0-6C0E-42A4-A341-6DAA377C0EA3}.AppStore|iPhone.Build.0 = Release|Any CPU
		{D2854EC0-6C0E-42A4-A341-6DAA377C0EA3}.AppStore|iPhoneSimulator.ActiveCfg = Release|Any CPU
		{D2854EC0-6C0E-42A4-A341-6DAA377C0EA3}.AppStore|iPhoneSimulator.Build.0 = Release|Any CPU
		{D2854EC0-6C0E-42A4-A341-6DAA377C0EA3}.Debug|Any CPU.ActiveCfg = Debug|Any CPU
		{D2854EC0-6C0E-42A4-A341-6DAA377C0EA3}.Debug|Any CPU.Build.0 = Debug|Any CPU
		{D2854EC0-6C0E-42A4-A341-6DAA377C0EA3}.Debug|iPhone.ActiveCfg = Debug|Any CPU
		{D2854EC0-6C0E-42A4-A341-6DAA377C0EA3}.Debug|iPhone.Build.0 = Debug|Any CPU
		{D2854EC0-6C0E-42A4-A341-6DAA377C0EA3}.Debug|iPhoneSimulator.ActiveCfg = Debug|Any CPU
		{D2854EC0-6C0E-42A4-A341-6DAA377C0EA3}.Debug|iPhoneSimulator.Build.0 = Debug|Any CPU
		{D2854EC0-6C0E-42A4-A341-6DAA377C0EA3}.Release|Any CPU.ActiveCfg = Release|Any CPU
		{D2854EC0-6C0E-42A4-A341-6DAA377C0EA3}.Release|Any CPU.Build.0 = Release|Any CPU
		{D2854EC0-6C0E-42A4-A341-6DAA377C0EA3}.Release|iPhone.ActiveCfg = Release|Any CPU
		{D2854EC0-6C0E-42A4-A341-6DAA377C0EA3}.Release|iPhone.Build.0 = Release|Any CPU
		{D2854EC0-6C0E-42A4-A341-6DAA377C0EA3}.Release|iPhoneSimulator.ActiveCfg = Release|Any CPU
		{D2854EC0-6C0E-42A4-A341-6DAA377C0EA3}.Release|iPhoneSimulator.Build.0 = Release|Any CPU
		{DA78D1F6-DE6F-4AF1-ACB6-514749446612}.Ad-Hoc|Any CPU.ActiveCfg = Release|Any CPU
		{DA78D1F6-DE6F-4AF1-ACB6-514749446612}.Ad-Hoc|Any CPU.Build.0 = Release|Any CPU
		{DA78D1F6-DE6F-4AF1-ACB6-514749446612}.Ad-Hoc|iPhone.ActiveCfg = Release|Any CPU
		{DA78D1F6-DE6F-4AF1-ACB6-514749446612}.Ad-Hoc|iPhone.Build.0 = Release|Any CPU
		{DA78D1F6-DE6F-4AF1-ACB6-514749446612}.Ad-Hoc|iPhoneSimulator.ActiveCfg = Release|Any CPU
		{DA78D1F6-DE6F-4AF1-ACB6-514749446612}.Ad-Hoc|iPhoneSimulator.Build.0 = Release|Any CPU
		{DA78D1F6-DE6F-4AF1-ACB6-514749446612}.AppStore|Any CPU.ActiveCfg = Release|Any CPU
		{DA78D1F6-DE6F-4AF1-ACB6-514749446612}.AppStore|Any CPU.Build.0 = Release|Any CPU
		{DA78D1F6-DE6F-4AF1-ACB6-514749446612}.AppStore|iPhone.ActiveCfg = Release|Any CPU
		{DA78D1F6-DE6F-4AF1-ACB6-514749446612}.AppStore|iPhone.Build.0 = Release|Any CPU
		{DA78D1F6-DE6F-4AF1-ACB6-514749446612}.AppStore|iPhoneSimulator.ActiveCfg = Release|Any CPU
		{DA78D1F6-DE6F-4AF1-ACB6-514749446612}.AppStore|iPhoneSimulator.Build.0 = Release|Any CPU
		{DA78D1F6-DE6F-4AF1-ACB6-514749446612}.Debug|Any CPU.ActiveCfg = Debug|Any CPU
		{DA78D1F6-DE6F-4AF1-ACB6-514749446612}.Debug|Any CPU.Build.0 = Debug|Any CPU
		{DA78D1F6-DE6F-4AF1-ACB6-514749446612}.Debug|iPhone.ActiveCfg = Debug|Any CPU
		{DA78D1F6-DE6F-4AF1-ACB6-514749446612}.Debug|iPhone.Build.0 = Debug|Any CPU
		{DA78D1F6-DE6F-4AF1-ACB6-514749446612}.Debug|iPhoneSimulator.ActiveCfg = Debug|Any CPU
		{DA78D1F6-DE6F-4AF1-ACB6-514749446612}.Debug|iPhoneSimulator.Build.0 = Debug|Any CPU
		{DA78D1F6-DE6F-4AF1-ACB6-514749446612}.Release|Any CPU.ActiveCfg = Release|Any CPU
		{DA78D1F6-DE6F-4AF1-ACB6-514749446612}.Release|Any CPU.Build.0 = Release|Any CPU
		{DA78D1F6-DE6F-4AF1-ACB6-514749446612}.Release|iPhone.ActiveCfg = Release|Any CPU
		{DA78D1F6-DE6F-4AF1-ACB6-514749446612}.Release|iPhone.Build.0 = Release|Any CPU
		{DA78D1F6-DE6F-4AF1-ACB6-514749446612}.Release|iPhoneSimulator.ActiveCfg = Release|Any CPU
		{DA78D1F6-DE6F-4AF1-ACB6-514749446612}.Release|iPhoneSimulator.Build.0 = Release|Any CPU
		{173734E3-49D8-4E04-BBE9-A922176BDFD9}.Ad-Hoc|Any CPU.ActiveCfg = Release|Any CPU
		{173734E3-49D8-4E04-BBE9-A922176BDFD9}.Ad-Hoc|Any CPU.Build.0 = Release|Any CPU
		{173734E3-49D8-4E04-BBE9-A922176BDFD9}.Ad-Hoc|iPhone.ActiveCfg = Release|Any CPU
		{173734E3-49D8-4E04-BBE9-A922176BDFD9}.Ad-Hoc|iPhone.Build.0 = Release|Any CPU
		{173734E3-49D8-4E04-BBE9-A922176BDFD9}.Ad-Hoc|iPhoneSimulator.ActiveCfg = Release|Any CPU
		{173734E3-49D8-4E04-BBE9-A922176BDFD9}.Ad-Hoc|iPhoneSimulator.Build.0 = Release|Any CPU
		{173734E3-49D8-4E04-BBE9-A922176BDFD9}.AppStore|Any CPU.ActiveCfg = Release|Any CPU
		{173734E3-49D8-4E04-BBE9-A922176BDFD9}.AppStore|Any CPU.Build.0 = Release|Any CPU
		{173734E3-49D8-4E04-BBE9-A922176BDFD9}.AppStore|iPhone.ActiveCfg = Release|Any CPU
		{173734E3-49D8-4E04-BBE9-A922176BDFD9}.AppStore|iPhone.Build.0 = Release|Any CPU
		{173734E3-49D8-4E04-BBE9-A922176BDFD9}.AppStore|iPhoneSimulator.ActiveCfg = Release|Any CPU
		{173734E3-49D8-4E04-BBE9-A922176BDFD9}.AppStore|iPhoneSimulator.Build.0 = Release|Any CPU
		{173734E3-49D8-4E04-BBE9-A922176BDFD9}.Debug|Any CPU.ActiveCfg = Debug|Any CPU
		{173734E3-49D8-4E04-BBE9-A922176BDFD9}.Debug|Any CPU.Build.0 = Debug|Any CPU
		{173734E3-49D8-4E04-BBE9-A922176BDFD9}.Debug|iPhone.ActiveCfg = Debug|Any CPU
		{173734E3-49D8-4E04-BBE9-A922176BDFD9}.Debug|iPhone.Build.0 = Debug|Any CPU
		{173734E3-49D8-4E04-BBE9-A922176BDFD9}.Debug|iPhoneSimulator.ActiveCfg = Debug|Any CPU
		{173734E3-49D8-4E04-BBE9-A922176BDFD9}.Debug|iPhoneSimulator.Build.0 = Debug|Any CPU
		{173734E3-49D8-4E04-BBE9-A922176BDFD9}.Release|Any CPU.ActiveCfg = Release|Any CPU
		{173734E3-49D8-4E04-BBE9-A922176BDFD9}.Release|Any CPU.Build.0 = Release|Any CPU
		{173734E3-49D8-4E04-BBE9-A922176BDFD9}.Release|iPhone.ActiveCfg = Release|Any CPU
		{173734E3-49D8-4E04-BBE9-A922176BDFD9}.Release|iPhone.Build.0 = Release|Any CPU
		{173734E3-49D8-4E04-BBE9-A922176BDFD9}.Release|iPhoneSimulator.ActiveCfg = Release|Any CPU
		{173734E3-49D8-4E04-BBE9-A922176BDFD9}.Release|iPhoneSimulator.Build.0 = Release|Any CPU
	EndGlobalSection
	GlobalSection(SolutionProperties) = preSolution
		HideSolutionNode = FALSE
	EndGlobalSection
	GlobalSection(NestedProjects) = preSolution
		{A1D19C12-50F3-495E-A372-768B510DC26D} = {C5E8DF58-ED67-47B4-8131-54A3CAC64EE0}
		{D578E7EA-BF24-4D1A-B0AC-1E3CC6FA4B57} = {C5E8DF58-ED67-47B4-8131-54A3CAC64EE0}
		{D2854EC0-6C0E-42A4-A341-6DAA377C0EA3} = {C5E8DF58-ED67-47B4-8131-54A3CAC64EE0}
		{DA78D1F6-DE6F-4AF1-ACB6-514749446612} = {C5E8DF58-ED67-47B4-8131-54A3CAC64EE0}
		{173734E3-49D8-4E04-BBE9-A922176BDFD9} = {06ADE603-499A-4E46-B861-CC9FE9AEC982}
	EndGlobalSection
	GlobalSection(ExtensibilityGlobals) = postSolution
		SolutionGuid = {8A58DD61-F080-4CD6-A677-8400F4FFF282}
	EndGlobalSection
EndGlobal
